// !$*UTF8*$!
{
	archiveVersion = 1;
	classes = {
	};
	objectVersion = 50;
	objects = {

/* Begin PBXBuildFile section */
		5C9B169924F630C900B65DFE /* AppDelegate.swift in Sources */ = {isa = PBXBuildFile; fileRef = 5C9B169824F630C900B65DFE /* AppDelegate.swift */; };
		5C9B169B24F630C900B65DFE /* SceneDelegate.swift in Sources */ = {isa = PBXBuildFile; fileRef = 5C9B169A24F630C900B65DFE /* SceneDelegate.swift */; };
		5C9B169D24F630C900B65DFE /* ViewController.swift in Sources */ = {isa = PBXBuildFile; fileRef = 5C9B169C24F630C900B65DFE /* ViewController.swift */; };
		5C9B16A024F630C900B65DFE /* Main.storyboard in Resources */ = {isa = PBXBuildFile; fileRef = 5C9B169E24F630C900B65DFE /* Main.storyboard */; };
		5C9B16A224F630CA00B65DFE /* Assets.xcassets in Resources */ = {isa = PBXBuildFile; fileRef = 5C9B16A124F630CA00B65DFE /* Assets.xcassets */; };
		5C9B16A524F630CA00B65DFE /* LaunchScreen.storyboard in Resources */ = {isa = PBXBuildFile; fileRef = 5C9B16A324F630CA00B65DFE /* LaunchScreen.storyboard */; };
		5C9B16B024F630CA00B65DFE /* WebViewCustomURLTests.swift in Sources */ = {isa = PBXBuildFile; fileRef = 5C9B16AF24F630CA00B65DFE /* WebViewCustomURLTests.swift */; };
		5C9B16BB24F630CA00B65DFE /* WebViewCustomURLUITests.swift in Sources */ = {isa = PBXBuildFile; fileRef = 5C9B16BA24F630CA00B65DFE /* WebViewCustomURLUITests.swift */; };
/* End PBXBuildFile section */

/* Begin PBXContainerItemProxy section */
		5C9B16AC24F630CA00B65DFE /* PBXContainerItemProxy */ = {
			isa = PBXContainerItemProxy;
			containerPortal = 5C9B168D24F630C900B65DFE /* Project object */;
			proxyType = 1;
			remoteGlobalIDString = 5C9B169424F630C900B65DFE;
			remoteInfo = WebViewCustomURL;
		};
		5C9B16B724F630CA00B65DFE /* PBXContainerItemProxy */ = {
			isa = PBXContainerItemProxy;
			containerPortal = 5C9B168D24F630C900B65DFE /* Project object */;
			proxyType = 1;
			remoteGlobalIDString = 5C9B169424F630C900B65DFE;
			remoteInfo = WebViewCustomURL;
		};
/* End PBXContainerItemProxy section */

/* Begin PBXFileReference section */
		5C9B169524F630C900B65DFE /* WebViewCustomURL.app */ = {isa = PBXFileReference; explicitFileType = wrapper.application; includeInIndex = 0; path = WebViewCustomURL.app; sourceTree = BUILT_PRODUCTS_DIR; };
		5C9B169824F630C900B65DFE /* AppDelegate.swift */ = {isa = PBXFileReference; lastKnownFileType = sourcecode.swift; path = AppDelegate.swift; sourceTree = "<group>"; };
		5C9B169A24F630C900B65DFE /* SceneDelegate.swift */ = {isa = PBXFileReference; lastKnownFileType = sourcecode.swift; path = SceneDelegate.swift; sourceTree = "<group>"; };
		5C9B169C24F630C900B65DFE /* ViewController.swift */ = {isa = PBXFileReference; lastKnownFileType = sourcecode.swift; path = ViewController.swift; sourceTree = "<group>"; };
		5C9B169F24F630C900B65DFE /* Base */ = {isa = PBXFileReference; lastKnownFileType = file.storyboard; name = Base; path = Base.lproj/Main.storyboard; sourceTree = "<group>"; };
		5C9B16A124F630CA00B65DFE /* Assets.xcassets */ = {isa = PBXFileReference; lastKnownFileType = folder.assetcatalog; path = Assets.xcassets; sourceTree = "<group>"; };
		5C9B16A424F630CA00B65DFE /* Base */ = {isa = PBXFileReference; lastKnownFileType = file.storyboard; name = Base; path = Base.lproj/LaunchScreen.storyboard; sourceTree = "<group>"; };
		5C9B16A624F630CA00B65DFE /* Info.plist */ = {isa = PBXFileReference; lastKnownFileType = text.plist.xml; path = Info.plist; sourceTree = "<group>"; };
		5C9B16AB24F630CA00B65DFE /* WebViewCustomURLTests.xctest */ = {isa = PBXFileReference; explicitFileType = wrapper.cfbundle; includeInIndex = 0; path = WebViewCustomURLTests.xctest; sourceTree = BUILT_PRODUCTS_DIR; };
		5C9B16AF24F630CA00B65DFE /* WebViewCustomURLTests.swift */ = {isa = PBXFileReference; lastKnownFileType = sourcecode.swift; path = WebViewCustomURLTests.swift; sourceTree = "<group>"; };
		5C9B16B124F630CA00B65DFE /* Info.plist */ = {isa = PBXFileReference; lastKnownFileType = text.plist.xml; path = Info.plist; sourceTree = "<group>"; };
		5C9B16B624F630CA00B65DFE /* WebViewCustomURLUITests.xctest */ = {isa = PBXFileReference; explicitFileType = wrapper.cfbundle; includeInIndex = 0; path = WebViewCustomURLUITests.xctest; sourceTree = BUILT_PRODUCTS_DIR; };
		5C9B16BA24F630CA00B65DFE /* WebViewCustomURLUITests.swift */ = {isa = PBXFileReference; lastKnownFileType = sourcecode.swift; path = WebViewCustomURLUITests.swift; sourceTree = "<group>"; };
		5C9B16BC24F630CA00B65DFE /* Info.plist */ = {isa = PBXFileReference; lastKnownFileType = text.plist.xml; path = Info.plist; sourceTree = "<group>"; };
/* End PBXFileReference section */

/* Begin PBXFrameworksBuildPhase section */
		5C9B169224F630C900B65DFE /* Frameworks */ = {
			isa = PBXFrameworksBuildPhase;
			buildActionMask = 2147483647;
			files = (
			);
			runOnlyForDeploymentPostprocessing = 0;
		};
		5C9B16A824F630CA00B65DFE /* Frameworks */ = {
			isa = PBXFrameworksBuildPhase;
			buildActionMask = 2147483647;
			files = (
			);
			runOnlyForDeploymentPostprocessing = 0;
		};
		5C9B16B324F630CA00B65DFE /* Frameworks */ = {
			isa = PBXFrameworksBuildPhase;
			buildActionMask = 2147483647;
			files = (
			);
			runOnlyForDeploymentPostprocessing = 0;
		};
/* End PBXFrameworksBuildPhase section */

/* Begin PBXGroup section */
		5C9B168C24F630C900B65DFE = {
			isa = PBXGroup;
			children = (
				5C9B169724F630C900B65DFE /* WebViewCustomURL */,
				5C9B16AE24F630CA00B65DFE /* WebViewCustomURLTests */,
				5C9B16B924F630CA00B65DFE /* WebViewCustomURLUITests */,
				5C9B169624F630C900B65DFE /* Products */,
			);
			sourceTree = "<group>";
		};
		5C9B169624F630C900B65DFE /* Products */ = {
			isa = PBXGroup;
			children = (
				5C9B169524F630C900B65DFE /* WebViewCustomURL.app */,
				5C9B16AB24F630CA00B65DFE /* WebViewCustomURLTests.xctest */,
				5C9B16B624F630CA00B65DFE /* WebViewCustomURLUITests.xctest */,
			);
			name = Products;
			sourceTree = "<group>";
		};
		5C9B169724F630C900B65DFE /* WebViewCustomURL */ = {
			isa = PBXGroup;
			children = (
				5C9B169824F630C900B65DFE /* AppDelegate.swift */,
				5C9B169A24F630C900B65DFE /* SceneDelegate.swift */,
				5C9B169C24F630C900B65DFE /* ViewController.swift */,
				5C9B169E24F630C900B65DFE /* Main.storyboard */,
				5C9B16A124F630CA00B65DFE /* Assets.xcassets */,
				5C9B16A324F630CA00B65DFE /* LaunchScreen.storyboard */,
				5C9B16A624F630CA00B65DFE /* Info.plist */,
			);
			path = WebViewCustomURL;
			sourceTree = "<group>";
		};
		5C9B16AE24F630CA00B65DFE /* WebViewCustomURLTests */ = {
			isa = PBXGroup;
			children = (
				5C9B16AF24F630CA00B65DFE /* WebViewCustomURLTests.swift */,
				5C9B16B124F630CA00B65DFE /* Info.plist */,
			);
			path = WebViewCustomURLTests;
			sourceTree = "<group>";
		};
		5C9B16B924F630CA00B65DFE /* WebViewCustomURLUITests */ = {
			isa = PBXGroup;
			children = (
				5C9B16BA24F630CA00B65DFE /* WebViewCustomURLUITests.swift */,
				5C9B16BC24F630CA00B65DFE /* Info.plist */,
			);
			path = WebViewCustomURLUITests;
			sourceTree = "<group>";
		};
/* End PBXGroup section */

/* Begin PBXNativeTarget section */
		5C9B169424F630C900B65DFE /* WebViewCustomURL */ = {
			isa = PBXNativeTarget;
			buildConfigurationList = 5C9B16BF24F630CA00B65DFE /* Build configuration list for PBXNativeTarget "WebViewCustomURL" */;
			buildPhases = (
				5C9B169124F630C900B65DFE /* Sources */,
				5C9B169224F630C900B65DFE /* Frameworks */,
				5C9B169324F630C900B65DFE /* Resources */,
			);
			buildRules = (
			);
			dependencies = (
			);
			name = WebViewCustomURL;
			productName = WebViewCustomURL;
			productReference = 5C9B169524F630C900B65DFE /* WebViewCustomURL.app */;
			productType = "com.apple.product-type.application";
		};
		5C9B16AA24F630CA00B65DFE /* WebViewCustomURLTests */ = {
			isa = PBXNativeTarget;
			buildConfigurationList = 5C9B16C224F630CA00B65DFE /* Build configuration list for PBXNativeTarget "WebViewCustomURLTests" */;
			buildPhases = (
				5C9B16A724F630CA00B65DFE /* Sources */,
				5C9B16A824F630CA00B65DFE /* Frameworks */,
				5C9B16A924F630CA00B65DFE /* Resources */,
			);
			buildRules = (
			);
			dependencies = (
				5C9B16AD24F630CA00B65DFE /* PBXTargetDependency */,
			);
			name = WebViewCustomURLTests;
			productName = WebViewCustomURLTests;
			productReference = 5C9B16AB24F630CA00B65DFE /* WebViewCustomURLTests.xctest */;
			productType = "com.apple.product-type.bundle.unit-test";
		};
		5C9B16B524F630CA00B65DFE /* WebViewCustomURLUITests */ = {
			isa = PBXNativeTarget;
			buildConfigurationList = 5C9B16C524F630CA00B65DFE /* Build configuration list for PBXNativeTarget "WebViewCustomURLUITests" */;
			buildPhases = (
				5C9B16B224F630CA00B65DFE /* Sources */,
				5C9B16B324F630CA00B65DFE /* Frameworks */,
				5C9B16B424F630CA00B65DFE /* Resources */,
			);
			buildRules = (
			);
			dependencies = (
				5C9B16B824F630CA00B65DFE /* PBXTargetDependency */,
			);
			name = WebViewCustomURLUITests;
			productName = WebViewCustomURLUITests;
			productReference = 5C9B16B624F630CA00B65DFE /* WebViewCustomURLUITests.xctest */;
			productType = "com.apple.product-type.bundle.ui-testing";
		};
/* End PBXNativeTarget section */

/* Begin PBXProject section */
		5C9B168D24F630C900B65DFE /* Project object */ = {
			isa = PBXProject;
			attributes = {
				LastSwiftUpdateCheck = 1150;
				LastUpgradeCheck = 1150;
				ORGANIZATIONNAME = "Shreyas Vilaschandra Bhike";
				TargetAttributes = {
					5C9B169424F630C900B65DFE = {
						CreatedOnToolsVersion = 11.5;
					};
					5C9B16AA24F630CA00B65DFE = {
						CreatedOnToolsVersion = 11.5;
						TestTargetID = 5C9B169424F630C900B65DFE;
					};
					5C9B16B524F630CA00B65DFE = {
						CreatedOnToolsVersion = 11.5;
						TestTargetID = 5C9B169424F630C900B65DFE;
					};
				};
			};
			buildConfigurationList = 5C9B169024F630C900B65DFE /* Build configuration list for PBXProject "WebViewCustomURL" */;
			compatibilityVersion = "Xcode 9.3";
			developmentRegion = en;
			hasScannedForEncodings = 0;
			knownRegions = (
				en,
				Base,
			);
			mainGroup = 5C9B168C24F630C900B65DFE;
			productRefGroup = 5C9B169624F630C900B65DFE /* Products */;
			projectDirPath = "";
			projectRoot = "";
			targets = (
				5C9B169424F630C900B65DFE /* WebViewCustomURL */,
				5C9B16AA24F630CA00B65DFE /* WebViewCustomURLTests */,
				5C9B16B524F630CA00B65DFE /* WebViewCustomURLUITests */,
			);
		};
/* End PBXProject section */

/* Begin PBXResourcesBuildPhase section */
		5C9B169324F630C900B65DFE /* Resources */ = {
			isa = PBXResourcesBuildPhase;
			buildActionMask = 2147483647;
			files = (
				5C9B16A524F630CA00B65DFE /* LaunchScreen.storyboard in Resources */,
				5C9B16A224F630CA00B65DFE /* Assets.xcassets in Resources */,
				5C9B16A024F630C900B65DFE /* Main.storyboard in Resources */,
			);
			runOnlyForDeploymentPostprocessing = 0;
		};
		5C9B16A924F630CA00B65DFE /* Resources */ = {
			isa = PBXResourcesBuildPhase;
			buildActionMask = 2147483647;
			files = (
			);
			runOnlyForDeploymentPostprocessing = 0;
		};
		5C9B16B424F630CA00B65DFE /* Resources */ = {
			isa = PBXResourcesBuildPhase;
			buildActionMask = 2147483647;
			files = (
			);
			runOnlyForDeploymentPostprocessing = 0;
		};
/* End PBXResourcesBuildPhase section */

/* Begin PBXSourcesBuildPhase section */
		5C9B169124F630C900B65DFE /* Sources */ = {
			isa = PBXSourcesBuildPhase;
			buildActionMask = 2147483647;
			files = (
				5C9B169D24F630C900B65DFE /* ViewController.swift in Sources */,
				5C9B169924F630C900B65DFE /* AppDelegate.swift in Sources */,
				5C9B169B24F630C900B65DFE /* SceneDelegate.swift in Sources */,
			);
			runOnlyForDeploymentPostprocessing = 0;
		};
		5C9B16A724F630CA00B65DFE /* Sources */ = {
			isa = PBXSourcesBuildPhase;
			buildActionMask = 2147483647;
			files = (
				5C9B16B024F630CA00B65DFE /* WebViewCustomURLTests.swift in Sources */,
			);
			runOnlyForDeploymentPostprocessing = 0;
		};
		5C9B16B224F630CA00B65DFE /* Sources */ = {
			isa = PBXSourcesBuildPhase;
			buildActionMask = 2147483647;
			files = (
				5C9B16BB24F630CA00B65DFE /* WebViewCustomURLUITests.swift in Sources */,
			);
			runOnlyForDeploymentPostprocessing = 0;
		};
/* End PBXSourcesBuildPhase section */

/* Begin PBXTargetDependency section */
		5C9B16AD24F630CA00B65DFE /* PBXTargetDependency */ = {
			isa = PBXTargetDependency;
			target = 5C9B169424F630C900B65DFE /* WebViewCustomURL */;
			targetProxy = 5C9B16AC24F630CA00B65DFE /* PBXContainerItemProxy */;
		};
		5C9B16B824F630CA00B65DFE /* PBXTargetDependency */ = {
			isa = PBXTargetDependency;
			target = 5C9B169424F630C900B65DFE /* WebViewCustomURL */;
			targetProxy = 5C9B16B724F630CA00B65DFE /* PBXContainerItemProxy */;
		};
/* End PBXTargetDependency section */

/* Begin PBXVariantGroup section */
		5C9B169E24F630C900B65DFE /* Main.storyboard */ = {
			isa = PBXVariantGroup;
			children = (
				5C9B169F24F630C900B65DFE /* Base */,
			);
			name = Main.storyboard;
			sourceTree = "<group>";
		};
		5C9B16A324F630CA00B65DFE /* LaunchScreen.storyboard */ = {
			isa = PBXVariantGroup;
			children = (
				5C9B16A424F630CA00B65DFE /* Base */,
			);
			name = LaunchScreen.storyboard;
			sourceTree = "<group>";
		};
/* End PBXVariantGroup section */

/* Begin XCBuildConfiguration section */
		5C9B16BD24F630CA00B65DFE /* Debug */ = {
			isa = XCBuildConfiguration;
			buildSettings = {
				ALWAYS_SEARCH_USER_PATHS = NO;
				CLANG_ANALYZER_NONNULL = YES;
				CLANG_ANALYZER_NUMBER_OBJECT_CONVERSION = YES_AGGRESSIVE;
				CLANG_CXX_LANGUAGE_STANDARD = "gnu++14";
				CLANG_CXX_LIBRARY = "libc++";
				CLANG_ENABLE_MODULES = YES;
				CLANG_ENABLE_OBJC_ARC = YES;
				CLANG_ENABLE_OBJC_WEAK = YES;
				CLANG_WARN_BLOCK_CAPTURE_AUTORELEASING = YES;
				CLANG_WARN_BOOL_CONVERSION = YES;
				CLANG_WARN_COMMA = YES;
				CLANG_WARN_CONSTANT_CONVERSION = YES;
				CLANG_WARN_DEPRECATED_OBJC_IMPLEMENTATIONS = YES;
				CLANG_WARN_DIRECT_OBJC_ISA_USAGE = YES_ERROR;
				CLANG_WARN_DOCUMENTATION_COMMENTS = YES;
				CLANG_WARN_EMPTY_BODY = YES;
				CLANG_WARN_ENUM_CONVERSION = YES;
				CLANG_WARN_INFINITE_RECURSION = YES;
				CLANG_WARN_INT_CONVERSION = YES;
				CLANG_WARN_NON_LITERAL_NULL_CONVERSION = YES;
				CLANG_WARN_OBJC_IMPLICIT_RETAIN_SELF = YES;
				CLANG_WARN_OBJC_LITERAL_CONVERSION = YES;
				CLANG_WARN_OBJC_ROOT_CLASS = YES_ERROR;
				CLANG_WARN_RANGE_LOOP_ANALYSIS = YES;
				CLANG_WARN_STRICT_PROTOTYPES = YES;
				CLANG_WARN_SUSPICIOUS_MOVE = YES;
				CLANG_WARN_UNGUARDED_AVAILABILITY = YES_AGGRESSIVE;
				CLANG_WARN_UNREACHABLE_CODE = YES;
				CLANG_WARN__DUPLICATE_METHOD_MATCH = YES;
				COPY_PHASE_STRIP = NO;
				DEBUG_INFORMATION_FORMAT = dwarf;
				ENABLE_STRICT_OBJC_MSGSEND = YES;
				ENABLE_TESTABILITY = YES;
				GCC_C_LANGUAGE_STANDARD = gnu11;
				GCC_DYNAMIC_NO_PIC = NO;
				GCC_NO_COMMON_BLOCKS = YES;
				GCC_OPTIMIZATION_LEVEL = 0;
				GCC_PREPROCESSOR_DEFINITIONS = (
					"DEBUG=1",
					"$(inherited)",
				);
				GCC_WARN_64_TO_32_BIT_CONVERSION = YES;
				GCC_WARN_ABOUT_RETURN_TYPE = YES_ERROR;
				GCC_WARN_UNDECLARED_SELECTOR = YES;
				GCC_WARN_UNINITIALIZED_AUTOS = YES_AGGRESSIVE;
				GCC_WARN_UNUSED_FUNCTION = YES;
				GCC_WARN_UNUSED_VARIABLE = YES;
				IPHONEOS_DEPLOYMENT_TARGET = 13.5;
				MTL_ENABLE_DEBUG_INFO = INCLUDE_SOURCE;
				MTL_FAST_MATH = YES;
				ONLY_ACTIVE_ARCH = YES;
				SDKROOT = iphoneos;
				SWIFT_ACTIVE_COMPILATION_CONDITIONS = DEBUG;
				SWIFT_OPTIMIZATION_LEVEL = "-Onone";
			};
			name = Debug;
		};
		5C9B16BE24F630CA00B65DFE /* Release */ = {
			isa = XCBuildConfiguration;
			buildSettings = {
				ALWAYS_SEARCH_USER_PATHS = NO;
				CLANG_ANALYZER_NONNULL = YES;
				CLANG_ANALYZER_NUMBER_OBJECT_CONVERSION = YES_AGGRESSIVE;
				CLANG_CXX_LANGUAGE_STANDARD = "gnu++14";
				CLANG_CXX_LIBRARY = "libc++";
				CLANG_ENABLE_MODULES = YES;
				CLANG_ENABLE_OBJC_ARC = YES;
				CLANG_ENABLE_OBJC_WEAK = YES;
				CLANG_WARN_BLOCK_CAPTURE_AUTORELEASING = YES;
				CLANG_WARN_BOOL_CONVERSION = YES;
				CLANG_WARN_COMMA = YES;
				CLANG_WARN_CONSTANT_CONVERSION = YES;
				CLANG_WARN_DEPRECATED_OBJC_IMPLEMENTATIONS = YES;
				CLANG_WARN_DIRECT_OBJC_ISA_USAGE = YES_ERROR;
				CLANG_WARN_DOCUMENTATION_COMMENTS = YES;
				CLANG_WARN_EMPTY_BODY = YES;
				CLANG_WARN_ENUM_CONVERSION = YES;
				CLANG_WARN_INFINITE_RECURSION = YES;
				CLANG_WARN_INT_CONVERSION = YES;
				CLANG_WARN_NON_LITERAL_NULL_CONVERSION = YES;
				CLANG_WARN_OBJC_IMPLICIT_RETAIN_SELF = YES;
				CLANG_WARN_OBJC_LITERAL_CONVERSION = YES;
				CLANG_WARN_OBJC_ROOT_CLASS = YES_ERROR;
				CLANG_WARN_RANGE_LOOP_ANALYSIS = YES;
				CLANG_WARN_STRICT_PROTOTYPES = YES;
				CLANG_WARN_SUSPICIOUS_MOVE = YES;
				CLANG_WARN_UNGUARDED_AVAILABILITY = YES_AGGRESSIVE;
				CLANG_WARN_UNREACHABLE_CODE = YES;
				CLANG_WARN__DUPLICATE_METHOD_MATCH = YES;
				COPY_PHASE_STRIP = NO;
				DEBUG_INFORMATION_FORMAT = "dwarf-with-dsym";
				ENABLE_NS_ASSERTIONS = NO;
				ENABLE_STRICT_OBJC_MSGSEND = YES;
				GCC_C_LANGUAGE_STANDARD = gnu11;
				GCC_NO_COMMON_BLOCKS = YES;
				GCC_WARN_64_TO_32_BIT_CONVERSION = YES;
				GCC_WARN_ABOUT_RETURN_TYPE = YES_ERROR;
				GCC_WARN_UNDECLARED_SELECTOR = YES;
				GCC_WARN_UNINITIALIZED_AUTOS = YES_AGGRESSIVE;
				GCC_WARN_UNUSED_FUNCTION = YES;
				GCC_WARN_UNUSED_VARIABLE = YES;
				IPHONEOS_DEPLOYMENT_TARGET = 13.5;
				MTL_ENABLE_DEBUG_INFO = NO;
				MTL_FAST_MATH = YES;
				SDKROOT = iphoneos;
				SWIFT_COMPILATION_MODE = wholemodule;
				SWIFT_OPTIMIZATION_LEVEL = "-O";
				VALIDATE_PRODUCT = YES;
			};
			name = Release;
		};
		5C9B16C024F630CA00B65DFE /* Debug */ = {
			isa = XCBuildConfiguration;
			buildSettings = {
				ASSETCATALOG_COMPILER_APPICON_NAME = AppIcon;
				CODE_SIGN_STYLE = Automatic;
				INFOPLIST_FILE = WebViewCustomURL/Info.plist;
				LD_RUNPATH_SEARCH_PATHS = (
					"$(inherited)",
					"@executable_path/Frameworks",
				);
				PRODUCT_BUNDLE_IDENTIFIER = com.shreyasvilaschandrabhike.WebViewCustomURL;
				PRODUCT_NAME = "$(TARGET_NAME)";
				SWIFT_VERSION = 5.0;
				TARGETED_DEVICE_FAMILY = "1,2";
			};
			name = Debug;
		};
		5C9B16C124F630CA00B65DFE /* Release */ = {
			isa = XCBuildConfiguration;
			buildSettings = {
				ASSETCATALOG_COMPILER_APPICON_NAME = AppIcon;
				CODE_SIGN_STYLE = Automatic;
				INFOPLIST_FILE = WebViewCustomURL/Info.plist;
				LD_RUNPATH_SEARCH_PATHS = (
					"$(inherited)",
					"@executable_path/Frameworks",
				);
				PRODUCT_BUNDLE_IDENTIFIER = com.shreyasvilaschandrabhike.WebViewCustomURL;
				PRODUCT_NAME = "$(TARGET_NAME)";
				SWIFT_VERSION = 5.0;
				TARGETED_DEVICE_FAMILY = "1,2";
			};
			name = Release;
		};
		5C9B16C324F630CA00B65DFE /* Debug */ = {
			isa = XCBuildConfiguration;
			buildSettings = {
				ALWAYS_EMBED_SWIFT_STANDARD_LIBRARIES = YES;
				BUNDLE_LOADER = "$(TEST_HOST)";
				CODE_SIGN_STYLE = Automatic;
				INFOPLIST_FILE = WebViewCustomURLTests/Info.plist;
				IPHONEOS_DEPLOYMENT_TARGET = 13.5;
				LD_RUNPATH_SEARCH_PATHS = (
					"$(inherited)",
					"@executable_path/Frameworks",
					"@loader_path/Frameworks",
				);
				PRODUCT_BUNDLE_IDENTIFIER = com.shreyasvilaschandrabhike.WebViewCustomURLTests;
				PRODUCT_NAME = "$(TARGET_NAME)";
				SWIFT_VERSION = 5.0;
				TARGETED_DEVICE_FAMILY = "1,2";
				TEST_HOST = "$(BUILT_PRODUCTS_DIR)/WebViewCustomURL.app/WebViewCustomURL";
			};
			name = Debug;
		};
		5C9B16C424F630CA00B65DFE /* Release */ = {
			isa = XCBuildConfiguration;
			buildSettings = {
				ALWAYS_EMBED_SWIFT_STANDARD_LIBRARIES = YES;
				BUNDLE_LOADER = "$(TEST_HOST)";
				CODE_SIGN_STYLE = Automatic;
				INFOPLIST_FILE = WebViewCustomURLTests/Info.plist;
				IPHONEOS_DEPLOYMENT_TARGET = 13.5;
				LD_RUNPATH_SEARCH_PATHS = (
					"$(inherited)",
					"@executable_path/Frameworks",
					"@loader_path/Frameworks",
				);
				PRODUCT_BUNDLE_IDENTIFIER = com.shreyasvilaschandrabhike.WebViewCustomURLTests;
				PRODUCT_NAME = "$(TARGET_NAME)";
				SWIFT_VERSION = 5.0;
				TARGETED_DEVICE_FAMILY = "1,2";
				TEST_HOST = "$(BUILT_PRODUCTS_DIR)/WebViewCustomURL.app/WebViewCustomURL";
			};
			name = Release;
		};
		5C9B16C624F630CA00B65DFE /* Debug */ = {
			isa = XCBuildConfiguration;
			buildSettings = {
				ALWAYS_EMBED_SWIFT_STANDARD_LIBRARIES = YES;
				CODE_SIGN_STYLE = Automatic;
				INFOPLIST_FILE = WebViewCustomURLUITests/Info.plist;
				LD_RUNPATH_SEARCH_PATHS = (
					"$(inherited)",
					"@executable_path/Frameworks",
					"@loader_path/Frameworks",
				);
				PRODUCT_BUNDLE_IDENTIFIER = com.shreyasvilaschandrabhike.WebViewCustomURLUITests;
				PRODUCT_NAME = "$(TARGET_NAME)";
				SWIFT_VERSION = 5.0;
				TARGETED_DEVICE_FAMILY = "1,2";
				TEST_TARGET_NAME = WebViewCustomURL;
			};
			name = Debug;
		};
		5C9B16C724F630CA00B65DFE /* Release */ = {
			isa = XCBuildConfiguration;
			buildSettings = {
				ALWAYS_EMBED_SWIFT_STANDARD_LIBRARIES = YES;
				CODE_SIGN_STYLE = Automatic;
				INFOPLIST_FILE = WebViewCustomURLUITests/Info.plist;
				LD_RUNPATH_SEARCH_PATHS = (
					"$(inherited)",
					"@executable_path/Frameworks",
					"@loader_path/Frameworks",
				);
				PRODUCT_BUNDLE_IDENTIFIER = com.shreyasvilaschandrabhike.WebViewCustomURLUITests;
				PRODUCT_NAME = "$(TARGET_NAME)";
				SWIFT_VERSION = 5.0;
				TARGETED_DEVICE_FAMILY = "1,2";
				TEST_TARGET_NAME = WebViewCustomURL;
			};
			name = Release;
		};
/* End XCBuildConfiguration section */

/* Begin XCConfigurationList section */
		5C9B169024F630C900B65DFE /* Build configuration list for PBXProject "WebViewCustomURL" */ = {
			isa = XCConfigurationList;
			buildConfigurations = (
				5C9B16BD24F630CA00B65DFE /* Debug */,
				5C9B16BE24F630CA00B65DFE /* Release */,
			);
			defaultConfigurationIsVisible = 0;
			defaultConfigurationName = Release;
		};
		5C9B16BF24F630CA00B65DFE /* Build configuration list for PBXNativeTarget "WebViewCustomURL" */ = {
			isa = XCConfigurationList;
			buildConfigurations = (
				5C9B16C024F630CA00B65DFE /* Debug */,
				5C9B16C124F630CA00B65DFE /* Release */,
			);
			defaultConfigurationIsVisible = 0;
			defaultConfigurationName = Release;
		};
		5C9B16C224F630CA00B65DFE /* Build configuration list for PBXNativeTarget "WebViewCustomURLTests" */ = {
			isa = XCConfigurationList;
			buildConfigurations = (
				5C9B16C324F630CA00B65DFE /* Debug */,
				5C9B16C424F630CA00B65DFE /* Release */,
			);
			defaultConfigurationIsVisible = 0;
			defaultConfigurationName = Release;
		};
		5C9B16C524F630CA00B65DFE /* Build configuration list for PBXNativeTarget "WebViewCustomURLUITests" */ = {
			isa = XCConfigurationList;
			buildConfigurations = (
				5C9B16C624F630CA00B65DFE /* Debug */,
				5C9B16C724F630CA00B65DFE /* Release */,
			);
			defaultConfigurationIsVisible = 0;
			defaultConfigurationName = Release;
		};
/* End XCConfigurationList section */
	};
	rootObject = 5C9B168D24F630C900B65DFE /* Project object */;
}
